<?xml version="1.0" encoding="utf-8"?>
<Project ToolsVersion="4.0" xmlns="http://schemas.microsoft.com/developer/msbuild/2003">
  <ItemGroup>
    <Filter Include="Source Files">
      <UniqueIdentifier>{4FC737F1-C7A5-4376-A066-2A32D752A2FF}</UniqueIdentifier>
      <Extensions>cpp;c;cc;cxx;def;odl;idl;hpj;bat;asm;asmx</Extensions>
    </Filter>
    <Filter Include="Header Files">
      <UniqueIdentifier>{93995380-89BD-4b04-88EB-625FBE52EBFB}</UniqueIdentifier>
      <Extensions>h;hh;hpp;hxx;hm;inl;inc;xsd</Extensions>
    </Filter>
    <Filter Include="Resource Files">
      <UniqueIdentifier>{67DA6AB6-F800-4c08-8B7A-83BB121AAD01}</UniqueIdentifier>
      <Extensions>rc;ico;cur;bmp;dlg;rc2;rct;bin;rgs;gif;jpg;jpeg;jpe;resx;tiff;tif;png;wav;mfcribbon-ms</Extensions>
    </Filter>
    <Filter Include="Header Files\vs73 headers">
      <UniqueIdentifier>{1959f7a3-35fd-419f-8165-5c9ea2da8feb}</UniqueIdentifier>
    </Filter>
  </ItemGroup>
  <ItemGroup>
    <Text Include="ReadMe.txt" />
  </ItemGroup>
  <ItemGroup>
    <ClInclude Include="stdafx.h">
      <Filter>Header Files</Filter>
    </ClInclude>
    <ClInclude Include="targetver.h">
      <Filter>Header Files</Filter>
    </ClInclude>
    <ClInclude Include="W:\Store room\Libraries\C++ libraries\vs\vs73\include\vs73.h">
      <Filter>Header Files\vs73 headers</Filter>
    </ClInclude>
    <ClInclude Include="W:\Store room\Libraries\C++ libraries\vs\vs73\include\vs73_app.h">
      <Filter>Header Files\vs73 headers</Filter>
    </ClInclude>
    <ClInclude Include="W:\Store room\Libraries\C++ libraries\vs\vs73\include\vs73_distributions.h">
      <Filter>Header Files\vs73 headers</Filter>
    </ClInclude>
    <ClInclude Include="W:\Store room\Libraries\C++ libraries\vs\vs73\include\vs73_drawing.h">
      <Filter>Header Files\vs73 headers</Filter>
    </ClInclude>
    <ClInclude Include="W:\Store room\Libraries\C++ libraries\vs\vs73\include\vs73_expt.h">
      <Filter>Header Files\vs73 headers</Filter>
    </ClInclude>
    <ClInclude Include="W:\Store room\Libraries\C++ libraries\vs\vs73\include\vs73_global.h">
      <Filter>Header Files\vs73 headers</Filter>
    </ClInclude>
    <ClInclude Include="W:\Store room\Libraries\C++ libraries\vs\vs73\include\vs73_gui.h">
      <Filter>Header Files\vs73 headers</Filter>
    </ClInclude>
    <ClInclude Include="W:\Store room\Libraries\C++ libraries\vs\vs73\include\vs73_headers.h">
      <Filter>Header Files\vs73 headers</Filter>
    </ClInclude>
    <ClInclude Include="W:\Store room\Libraries\C++ libraries\vs\vs73\include\vs73_helper.h">
      <Filter>Header Files\vs73 headers</Filter>
    </ClInclude>
    <ClInclude Include="W:\Store room\Libraries\C++ libraries\vs\vs73\include\vs73_math.h">
      <Filter>Header Files\vs73 headers</Filter>
    </ClInclude>
    <ClInclude Include="W:\Store room\Libraries\C++ libraries\vs\vs73\include\vs73_robot.h">
      <Filter>Header Files\vs73 headers</Filter>
    </ClInclude>
    <ClInclude Include="W:\Store room\Libraries\C++ libraries\vs\vs73\include\vs73_robotlibrary.h">
      <Filter>Header Files\vs73 headers</Filter>
    </ClInclude>
    <ClInclude Include="W:\Store room\Libraries\C++ libraries\vs\vs73\include\vs73_sound.h">
      <Filter>Header Files\vs73 headers</Filter>
    </ClInclude>
    <ClInclude Include="W:\Store room\Libraries\C++ libraries\vs\vs73\include\vs73_string.h">
      <Filter>Header Files\vs73 headers</Filter>
    </ClInclude>
    <ClInclude Include="W:\Store room\Libraries\C++ libraries\vs\vs73\include\vs73_thread.h">
      <Filter>Header Files\vs73 headers</Filter>
    </ClInclude>
    <ClInclude Include="W:\Store room\Libraries\C++ libraries\vs\vs73\include\vs73_win.h">
      <Filter>Header Files\vs73 headers</Filter>
    </ClInclude>
  </ItemGroup>
  <ItemGroup>
    <ClCompile Include="stdafx.cpp">
      <Filter>Source Files</Filter>
    </ClCompile>
    <ClCompile Include="search_ana.cpp">
      <Filter>Source Files</Filter>
    </ClCompile>
  </ItemGroup>
</Project>